
Microsoft Visual Studio Solution File, Format Version 12.00
# Visual Studio Version 17
VisualStudioVersion = 17.13.35828.75 d17.13
MinimumVisualStudioVersion = 10.0.40219.1
Project("{FAE04EC0-301F-11D3-BF4B-00C04F79EFBC}") = "ForLoopMulti", "ForLoopMulti\ForLoopMulti.csproj", "{4A1B111E-DF77-429C-BEFA-6AC240C363E3}"
EndProject
Global
	GlobalSection(SolutionConfigurationPlatforms) = preSolution
		Debug|Any CPU = Debug|Any CPU
		Release|Any CPU = Release|Any CPU
	EndGlobalSection
	GlobalSection(ProjectConfigurationPlatforms) = postSolution
		{4A1B111E-DF77-429C-BEFA-6AC240C363E3}.Debug|Any CPU.ActiveCfg = Debug|Any CPU
		{4A1B111E-DF77-429C-BEFA-6AC240C363E3}.Debug|Any CPU.Build.0 = Debug|Any CPU
		{4A1B111E-DF77-429C-BEFA-6AC240C363E3}.Release|Any CPU.ActiveCfg = Release|Any CPU
		{4A1B111E-DF77-429C-BEFA-6AC240C363E3}.Release|Any CPU.Build.0 = Release|Any CPU
	EndGlobalSection
	GlobalSection(SolutionProperties) = preSolution
		HideSolutionNode = FALSE
	EndGlobalSection
	GlobalSection(ExtensibilityGlobals) = postSolution
		SolutionGuid = {16917152-400E-4126-AF82-B12E3C607BC0}
	EndGlobalSection
EndGlobal
